
Microsoft Visual Studio Solution File, Format Version 12.00
# Visual Studio Version 17
VisualStudioVersion = 17.7.34221.43
MinimumVisualStudioVersion = 10.0.40219.1
Project("{FAE04EC0-301F-11D3-BF4B-00C04F79EFBC}") = "WebApplication2", "WebApplication2\WebApplication2.csproj", "{0CF85B5F-DA97-4A8F-AF86-367C32A6AB7C}"
EndProject
Global
	GlobalSection(SolutionConfigurationPlatforms) = preSolution
		Debug|Any CPU = Debug|Any CPU
		Release|Any CPU = Release|Any CPU
	EndGlobalSection
	GlobalSection(ProjectConfigurationPlatforms) = postSolution
		{0CF85B5F-DA97-4A8F-AF86-367C32A6AB7C}.Debug|Any CPU.ActiveCfg = Debug|Any CPU
		{0CF85B5F-DA97-4A8F-AF86-367C32A6AB7C}.Debug|Any CPU.Build.0 = Debug|Any CPU
		{0CF85B5F-DA97-4A8F-AF86-367C32A6AB7C}.Release|Any CPU.ActiveCfg = Release|Any CPU
		{0CF85B5F-DA97-4A8F-AF86-367C32A6AB7C}.Release|Any CPU.Build.0 = Release|Any CPU
	EndGlobalSection
	GlobalSection(SolutionProperties) = preSolution
		HideSolutionNode = FALSE
	EndGlobalSection
	GlobalSection(ExtensibilityGlobals) = postSolution
		SolutionGuid = {1F0FEE75-00F6-46A0-BF30-753E7396D87C}
	EndGlobalSection
EndGlobal
